
Microsoft Visual Studio Solution File, Format Version 12.00
# Visual Studio Version 17
VisualStudioVersion = 17.11.35222.181
MinimumVisualStudioVersion = 10.0.40219.1
Project("{FAE04EC0-301F-11D3-BF4B-00C04F79EFBC}") = "TemperatureMeasurements", "TemperatureMeasurements.csproj", "{B9BB0FE8-671C-4B3D-8430-E3ADDF23448E}"
EndProject
Global
	GlobalSection(SolutionConfigurationPlatforms) = preSolution
		Debug|Any CPU = Debug|Any CPU
		Release|Any CPU = Release|Any CPU
	EndGlobalSection
	GlobalSection(ProjectConfigurationPlatforms) = postSolution
		{B9BB0FE8-671C-4B3D-8430-E3ADDF23448E}.Debug|Any CPU.ActiveCfg = Debug|Any CPU
		{B9BB0FE8-671C-4B3D-8430-E3ADDF23448E}.Debug|Any CPU.Build.0 = Debug|Any CPU
		{B9BB0FE8-671C-4B3D-8430-E3ADDF23448E}.Release|Any CPU.ActiveCfg = Release|Any CPU
		{B9BB0FE8-671C-4B3D-8430-E3ADDF23448E}.Release|Any CPU.Build.0 = Release|Any CPU
	EndGlobalSection
	GlobalSection(SolutionProperties) = preSolution
		HideSolutionNode = FALSE
	EndGlobalSection
	GlobalSection(ExtensibilityGlobals) = postSolution
		SolutionGuid = {329682FD-C4F9-4DB4-9670-87A4429E94C1}
	EndGlobalSection
EndGlobal
